
Microsoft Visual Studio Solution File, Format Version 12.00
# Visual Studio Version 17
VisualStudioVersion = 17.11.35431.28
MinimumVisualStudioVersion = 10.0.40219.1
Project("{FAE04EC0-301F-11D3-BF4B-00C04F79EFBC}") = "NoRespawnNearBackpack", "NoRespawnNearBackpack.csproj", "{37500CAD-BED5-48CE-BDC1-414542215EA5}"
EndProject
Global
	GlobalSection(SolutionConfigurationPlatforms) = preSolution
		Debug|Any CPU = Debug|Any CPU
		Release|Any CPU = Release|Any CPU
	EndGlobalSection
	GlobalSection(ProjectConfigurationPlatforms) = postSolution
		{37500CAD-BED5-48CE-BDC1-414542215EA5}.Debug|Any CPU.ActiveCfg = Debug|Any CPU
		{37500CAD-BED5-48CE-BDC1-414542215EA5}.Debug|Any CPU.Build.0 = Debug|Any CPU
		{37500CAD-BED5-48CE-BDC1-414542215EA5}.Release|Any CPU.ActiveCfg = Release|Any CPU
		{37500CAD-BED5-48CE-BDC1-414542215EA5}.Release|Any CPU.Build.0 = Release|Any CPU
	EndGlobalSection
	GlobalSection(SolutionProperties) = preSolution
		HideSolutionNode = FALSE
	EndGlobalSection
	GlobalSection(ExtensibilityGlobals) = postSolution
		SolutionGuid = {5F682646-7DB2-46B2-98DC-299236984ECF}
	EndGlobalSection
EndGlobal
